
Microsoft Visual Studio Solution File, Format Version 12.00
# Visual Studio Version 17
VisualStudioVersion = 17.0.31903.59
MinimumVisualStudioVersion = 10.0.40219.1
Project("{FAE04EC0-301F-11D3-BF4B-00C04F79EFBC}") = "Domain", "Domain\Domain.csproj", "{5FBDA532-00C5-4277-B81E-B4527623FE90}"
EndProject
Project("{FAE04EC0-301F-11D3-BF4B-00C04F79EFBC}") = "Infrastructure", "Infrastructure\Infrastructure.csproj", "{5BAE13D9-7E89-45B1-994D-2E37A129F140}"
EndProject
Project("{FAE04EC0-301F-11D3-BF4B-00C04F79EFBC}") = "WebApi", "WebApi\WebApi.csproj", "{20434BE2-EDA0-4F8B-AE5B-B16EC9C19DD5}"
EndProject
Global
	GlobalSection(SolutionConfigurationPlatforms) = preSolution
		Debug|Any CPU = Debug|Any CPU
		Release|Any CPU = Release|Any CPU
	EndGlobalSection
	GlobalSection(SolutionProperties) = preSolution
		HideSolutionNode = FALSE
	EndGlobalSection
	GlobalSection(ProjectConfigurationPlatforms) = postSolution
		{5FBDA532-00C5-4277-B81E-B4527623FE90}.Debug|Any CPU.ActiveCfg = Debug|Any CPU
		{5FBDA532-00C5-4277-B81E-B4527623FE90}.Debug|Any CPU.Build.0 = Debug|Any CPU
		{5FBDA532-00C5-4277-B81E-B4527623FE90}.Release|Any CPU.ActiveCfg = Release|Any CPU
		{5FBDA532-00C5-4277-B81E-B4527623FE90}.Release|Any CPU.Build.0 = Release|Any CPU
		{5BAE13D9-7E89-45B1-994D-2E37A129F140}.Debug|Any CPU.ActiveCfg = Debug|Any CPU
		{5BAE13D9-7E89-45B1-994D-2E37A129F140}.Debug|Any CPU.Build.0 = Debug|Any CPU
		{5BAE13D9-7E89-45B1-994D-2E37A129F140}.Release|Any CPU.ActiveCfg = Release|Any CPU
		{5BAE13D9-7E89-45B1-994D-2E37A129F140}.Release|Any CPU.Build.0 = Release|Any CPU
		{20434BE2-EDA0-4F8B-AE5B-B16EC9C19DD5}.Debug|Any CPU.ActiveCfg = Debug|Any CPU
		{20434BE2-EDA0-4F8B-AE5B-B16EC9C19DD5}.Debug|Any CPU.Build.0 = Debug|Any CPU
		{20434BE2-EDA0-4F8B-AE5B-B16EC9C19DD5}.Release|Any CPU.ActiveCfg = Release|Any CPU
		{20434BE2-EDA0-4F8B-AE5B-B16EC9C19DD5}.Release|Any CPU.Build.0 = Release|Any CPU
	EndGlobalSection
EndGlobal
